
Microsoft Visual Studio Solution File, Format Version 12.00
# Visual Studio Version 17
VisualStudioVersion = 17.10.35013.160
MinimumVisualStudioVersion = 10.0.40219.1
Project("{9A19103F-16F7-4668-BE54-9A1E7A4F7556}") = "shopdecor_api", "shopdecor_api\shopdecor_api.csproj", "{C5F84E1F-E2C3-4C74-A08B-78DEB7E1DC6E}"
EndProject
Project("{2150E333-8FDC-42A3-9474-1A3956D46DE8}") = "Solution Items", "Solution Items", "{94EC25DA-B8E8-480A-8085-F72E579614C4}"
	ProjectSection(SolutionItems) = preProject
		.editorconfig = .editorconfig
	EndProjectSection
EndProject
Global
	GlobalSection(SolutionConfigurationPlatforms) = preSolution
		Debug|Any CPU = Debug|Any CPU
		Release|Any CPU = Release|Any CPU
	EndGlobalSection
	GlobalSection(ProjectConfigurationPlatforms) = postSolution
		{C5F84E1F-E2C3-4C74-A08B-78DEB7E1DC6E}.Debug|Any CPU.ActiveCfg = Debug|Any CPU
		{C5F84E1F-E2C3-4C74-A08B-78DEB7E1DC6E}.Debug|Any CPU.Build.0 = Debug|Any CPU
		{C5F84E1F-E2C3-4C74-A08B-78DEB7E1DC6E}.Release|Any CPU.ActiveCfg = Release|Any CPU
		{C5F84E1F-E2C3-4C74-A08B-78DEB7E1DC6E}.Release|Any CPU.Build.0 = Release|Any CPU
	EndGlobalSection
	GlobalSection(SolutionProperties) = preSolution
		HideSolutionNode = FALSE
	EndGlobalSection
	GlobalSection(ExtensibilityGlobals) = postSolution
		SolutionGuid = {8226A4D6-4F15-48D8-A53E-5113F0353B2B}
	EndGlobalSection
EndGlobal
